
Microsoft Visual Studio Solution File, Format Version 10.00
# Visual Studio 2008
Project("{FAE04EC0-301F-11D3-BF4B-00C04F79EFBC}") = "ArchiDox for Windows", "SmartDeviceProject1\ArchiDox for Windows.csproj", "{EF298CD4-4DB1-47CF-BCE9-63A2B89C1CC2}"
EndProject
Global
	GlobalSection(SolutionConfigurationPlatforms) = preSolution
		Debug|Any CPU = Debug|Any CPU
		Release|Any CPU = Release|Any CPU
	EndGlobalSection
	GlobalSection(ProjectConfigurationPlatforms) = postSolution
		{EF298CD4-4DB1-47CF-BCE9-63A2B89C1CC2}.Debug|Any CPU.ActiveCfg = Debug|Any CPU
		{EF298CD4-4DB1-47CF-BCE9-63A2B89C1CC2}.Debug|Any CPU.Build.0 = Debug|Any CPU
		{EF298CD4-4DB1-47CF-BCE9-63A2B89C1CC2}.Debug|Any CPU.Deploy.0 = Debug|Any CPU
		{EF298CD4-4DB1-47CF-BCE9-63A2B89C1CC2}.Release|Any CPU.ActiveCfg = Release|Any CPU
		{EF298CD4-4DB1-47CF-BCE9-63A2B89C1CC2}.Release|Any CPU.Build.0 = Release|Any CPU
		{EF298CD4-4DB1-47CF-BCE9-63A2B89C1CC2}.Release|Any CPU.Deploy.0 = Release|Any CPU
	EndGlobalSection
	GlobalSection(SolutionProperties) = preSolution
		HideSolutionNode = FALSE
	EndGlobalSection
EndGlobal
